
Microsoft Visual Studio Solution File, Format Version 12.00
# Visual Studio Version 17
VisualStudioVersion = 17.0.32112.339
MinimumVisualStudioVersion = 10.0.40219.1
Project("{FAE04EC0-301F-11D3-BF4B-00C04F79EFBC}") = "E1", "E1\E1.csproj", "{E35625D8-EC4D-4DBF-BBA5-BF043AB98368}"
EndProject
Project("{FAE04EC0-301F-11D3-BF4B-00C04F79EFBC}") = "E2", "E2\E2.csproj", "{3468F7AE-6858-4922-B329-C08B1D190428}"
EndProject
Project("{FAE04EC0-301F-11D3-BF4B-00C04F79EFBC}") = "E3", "E3\E3.csproj", "{C408D8D8-44AB-49AC-AF34-85672CD5A34E}"
EndProject
Project("{FAE04EC0-301F-11D3-BF4B-00C04F79EFBC}") = "E4", "E4\E4.csproj", "{8555E232-199C-4966-8D7E-0C36650963F7}"
EndProject
Project("{FAE04EC0-301F-11D3-BF4B-00C04F79EFBC}") = "E5", "E5\E5.csproj", "{13A5ACFF-42BE-4B84-A221-DEAF81BAB07A}"
EndProject
Global
	GlobalSection(SolutionConfigurationPlatforms) = preSolution
		Debug|Any CPU = Debug|Any CPU
		Release|Any CPU = Release|Any CPU
	EndGlobalSection
	GlobalSection(ProjectConfigurationPlatforms) = postSolution
		{E35625D8-EC4D-4DBF-BBA5-BF043AB98368}.Debug|Any CPU.ActiveCfg = Debug|Any CPU
		{E35625D8-EC4D-4DBF-BBA5-BF043AB98368}.Debug|Any CPU.Build.0 = Debug|Any CPU
		{E35625D8-EC4D-4DBF-BBA5-BF043AB98368}.Release|Any CPU.ActiveCfg = Release|Any CPU
		{E35625D8-EC4D-4DBF-BBA5-BF043AB98368}.Release|Any CPU.Build.0 = Release|Any CPU
		{3468F7AE-6858-4922-B329-C08B1D190428}.Debug|Any CPU.ActiveCfg = Debug|Any CPU
		{3468F7AE-6858-4922-B329-C08B1D190428}.Debug|Any CPU.Build.0 = Debug|Any CPU
		{3468F7AE-6858-4922-B329-C08B1D190428}.Release|Any CPU.ActiveCfg = Release|Any CPU
		{3468F7AE-6858-4922-B329-C08B1D190428}.Release|Any CPU.Build.0 = Release|Any CPU
		{C408D8D8-44AB-49AC-AF34-85672CD5A34E}.Debug|Any CPU.ActiveCfg = Debug|Any CPU
		{C408D8D8-44AB-49AC-AF34-85672CD5A34E}.Debug|Any CPU.Build.0 = Debug|Any CPU
		{C408D8D8-44AB-49AC-AF34-85672CD5A34E}.Release|Any CPU.ActiveCfg = Release|Any CPU
		{C408D8D8-44AB-49AC-AF34-85672CD5A34E}.Release|Any CPU.Build.0 = Release|Any CPU
		{8555E232-199C-4966-8D7E-0C36650963F7}.Debug|Any CPU.ActiveCfg = Debug|Any CPU
		{8555E232-199C-4966-8D7E-0C36650963F7}.Debug|Any CPU.Build.0 = Debug|Any CPU
		{8555E232-199C-4966-8D7E-0C36650963F7}.Release|Any CPU.ActiveCfg = Release|Any CPU
		{8555E232-199C-4966-8D7E-0C36650963F7}.Release|Any CPU.Build.0 = Release|Any CPU
		{13A5ACFF-42BE-4B84-A221-DEAF81BAB07A}.Debug|Any CPU.ActiveCfg = Debug|Any CPU
		{13A5ACFF-42BE-4B84-A221-DEAF81BAB07A}.Debug|Any CPU.Build.0 = Debug|Any CPU
		{13A5ACFF-42BE-4B84-A221-DEAF81BAB07A}.Release|Any CPU.ActiveCfg = Release|Any CPU
		{13A5ACFF-42BE-4B84-A221-DEAF81BAB07A}.Release|Any CPU.Build.0 = Release|Any CPU
	EndGlobalSection
	GlobalSection(SolutionProperties) = preSolution
		HideSolutionNode = FALSE
	EndGlobalSection
	GlobalSection(ExtensibilityGlobals) = postSolution
		SolutionGuid = {BD75AF02-8A39-41B0-8068-3C1611832B47}
	EndGlobalSection
EndGlobal
